// !$*UTF8*$!
{
	archiveVersion = 1;
	classes = {
	};
	objectVersion = 50;
	objects = {

/* Begin PBXBuildFile section */
		E3FDA54526E278B6002BE9D2 /* AppDelegate.swift in Sources */ = {isa = PBXBuildFile; fileRef = E3FDA54426E278B6002BE9D2 /* AppDelegate.swift */; };
		E3FDA54726E278B6002BE9D2 /* SceneDelegate.swift in Sources */ = {isa = PBXBuildFile; fileRef = E3FDA54626E278B6002BE9D2 /* SceneDelegate.swift */; };
		E3FDA54926E278B6002BE9D2 /* ViewController.swift in Sources */ = {isa = PBXBuildFile; fileRef = E3FDA54826E278B6002BE9D2 /* ViewController.swift */; };
		E3FDA54C26E278B6002BE9D2 /* Main.storyboard in Resources */ = {isa = PBXBuildFile; fileRef = E3FDA54A26E278B6002BE9D2 /* Main.storyboard */; };
		E3FDA54F26E278B6002BE9D2 /* MovieSearch.xcdatamodeld in Sources */ = {isa = PBXBuildFile; fileRef = E3FDA54D26E278B6002BE9D2 /* MovieSearch.xcdatamodeld */; };
		E3FDA55126E278B9002BE9D2 /* Assets.xcassets in Resources */ = {isa = PBXBuildFile; fileRef = E3FDA55026E278B9002BE9D2 /* Assets.xcassets */; };
		E3FDA55426E278B9002BE9D2 /* LaunchScreen.storyboard in Resources */ = {isa = PBXBuildFile; fileRef = E3FDA55226E278B9002BE9D2 /* LaunchScreen.storyboard */; };
		E3FDA55F26E278BA002BE9D2 /* MovieSearchTests.swift in Sources */ = {isa = PBXBuildFile; fileRef = E3FDA55E26E278BA002BE9D2 /* MovieSearchTests.swift */; };
		E3FDA56A26E278BA002BE9D2 /* MovieSearchUITests.swift in Sources */ = {isa = PBXBuildFile; fileRef = E3FDA56926E278BA002BE9D2 /* MovieSearchUITests.swift */; };
/* End PBXBuildFile section */

/* Begin PBXContainerItemProxy section */
		E3FDA55B26E278BA002BE9D2 /* PBXContainerItemProxy */ = {
			isa = PBXContainerItemProxy;
			containerPortal = E3FDA53926E278B6002BE9D2 /* Project object */;
			proxyType = 1;
			remoteGlobalIDString = E3FDA54026E278B6002BE9D2;
			remoteInfo = MovieSearch;
		};
		E3FDA56626E278BA002BE9D2 /* PBXContainerItemProxy */ = {
			isa = PBXContainerItemProxy;
			containerPortal = E3FDA53926E278B6002BE9D2 /* Project object */;
			proxyType = 1;
			remoteGlobalIDString = E3FDA54026E278B6002BE9D2;
			remoteInfo = MovieSearch;
		};
/* End PBXContainerItemProxy section */

/* Begin PBXFileReference section */
		E3FDA54126E278B6002BE9D2 /* MovieSearch.app */ = {isa = PBXFileReference; explicitFileType = wrapper.application; includeInIndex = 0; path = MovieSearch.app; sourceTree = BUILT_PRODUCTS_DIR; };
		E3FDA54426E278B6002BE9D2 /* AppDelegate.swift */ = {isa = PBXFileReference; lastKnownFileType = sourcecode.swift; path = AppDelegate.swift; sourceTree = "<group>"; };
		E3FDA54626E278B6002BE9D2 /* SceneDelegate.swift */ = {isa = PBXFileReference; lastKnownFileType = sourcecode.swift; path = SceneDelegate.swift; sourceTree = "<group>"; };
		E3FDA54826E278B6002BE9D2 /* ViewController.swift */ = {isa = PBXFileReference; lastKnownFileType = sourcecode.swift; path = ViewController.swift; sourceTree = "<group>"; };
		E3FDA54B26E278B6002BE9D2 /* Base */ = {isa = PBXFileReference; lastKnownFileType = file.storyboard; name = Base; path = Base.lproj/Main.storyboard; sourceTree = "<group>"; };
		E3FDA54E26E278B6002BE9D2 /* MovieSearch.xcdatamodel */ = {isa = PBXFileReference; lastKnownFileType = wrapper.xcdatamodel; path = MovieSearch.xcdatamodel; sourceTree = "<group>"; };
		E3FDA55026E278B9002BE9D2 /* Assets.xcassets */ = {isa = PBXFileReference; lastKnownFileType = folder.assetcatalog; path = Assets.xcassets; sourceTree = "<group>"; };
		E3FDA55326E278B9002BE9D2 /* Base */ = {isa = PBXFileReference; lastKnownFileType = file.storyboard; name = Base; path = Base.lproj/LaunchScreen.storyboard; sourceTree = "<group>"; };
		E3FDA55526E278B9002BE9D2 /* Info.plist */ = {isa = PBXFileReference; lastKnownFileType = text.plist.xml; path = Info.plist; sourceTree = "<group>"; };
		E3FDA55A26E278BA002BE9D2 /* MovieSearchTests.xctest */ = {isa = PBXFileReference; explicitFileType = wrapper.cfbundle; includeInIndex = 0; path = MovieSearchTests.xctest; sourceTree = BUILT_PRODUCTS_DIR; };
		E3FDA55E26E278BA002BE9D2 /* MovieSearchTests.swift */ = {isa = PBXFileReference; lastKnownFileType = sourcecode.swift; path = MovieSearchTests.swift; sourceTree = "<group>"; };
		E3FDA56026E278BA002BE9D2 /* Info.plist */ = {isa = PBXFileReference; lastKnownFileType = text.plist.xml; path = Info.plist; sourceTree = "<group>"; };
		E3FDA56526E278BA002BE9D2 /* MovieSearchUITests.xctest */ = {isa = PBXFileReference; explicitFileType = wrapper.cfbundle; includeInIndex = 0; path = MovieSearchUITests.xctest; sourceTree = BUILT_PRODUCTS_DIR; };
		E3FDA56926E278BA002BE9D2 /* MovieSearchUITests.swift */ = {isa = PBXFileReference; lastKnownFileType = sourcecode.swift; path = MovieSearchUITests.swift; sourceTree = "<group>"; };
		E3FDA56B26E278BA002BE9D2 /* Info.plist */ = {isa = PBXFileReference; lastKnownFileType = text.plist.xml; path = Info.plist; sourceTree = "<group>"; };
/* End PBXFileReference section */

/* Begin PBXFrameworksBuildPhase section */
		E3FDA53E26E278B6002BE9D2 /* Frameworks */ = {
			isa = PBXFrameworksBuildPhase;
			buildActionMask = 2147483647;
			files = (
			);
			runOnlyForDeploymentPostprocessing = 0;
		};
		E3FDA55726E278BA002BE9D2 /* Frameworks */ = {
			isa = PBXFrameworksBuildPhase;
			buildActionMask = 2147483647;
			files = (
			);
			runOnlyForDeploymentPostprocessing = 0;
		};
		E3FDA56226E278BA002BE9D2 /* Frameworks */ = {
			isa = PBXFrameworksBuildPhase;
			buildActionMask = 2147483647;
			files = (
			);
			runOnlyForDeploymentPostprocessing = 0;
		};
/* End PBXFrameworksBuildPhase section */

/* Begin PBXGroup section */
		E3FDA53826E278B6002BE9D2 = {
			isa = PBXGroup;
			children = (
				E3FDA54326E278B6002BE9D2 /* MovieSearch */,
				E3FDA55D26E278BA002BE9D2 /* MovieSearchTests */,
				E3FDA56826E278BA002BE9D2 /* MovieSearchUITests */,
				E3FDA54226E278B6002BE9D2 /* Products */,
			);
			sourceTree = "<group>";
		};
		E3FDA54226E278B6002BE9D2 /* Products */ = {
			isa = PBXGroup;
			children = (
				E3FDA54126E278B6002BE9D2 /* MovieSearch.app */,
				E3FDA55A26E278BA002BE9D2 /* MovieSearchTests.xctest */,
				E3FDA56526E278BA002BE9D2 /* MovieSearchUITests.xctest */,
			);
			name = Products;
			sourceTree = "<group>";
		};
		E3FDA54326E278B6002BE9D2 /* MovieSearch */ = {
			isa = PBXGroup;
			children = (
				E3FDA54426E278B6002BE9D2 /* AppDelegate.swift */,
				E3FDA54626E278B6002BE9D2 /* SceneDelegate.swift */,
				E3FDA54826E278B6002BE9D2 /* ViewController.swift */,
				E3FDA54A26E278B6002BE9D2 /* Main.storyboard */,
				E3FDA55026E278B9002BE9D2 /* Assets.xcassets */,
				E3FDA55226E278B9002BE9D2 /* LaunchScreen.storyboard */,
				E3FDA55526E278B9002BE9D2 /* Info.plist */,
				E3FDA54D26E278B6002BE9D2 /* MovieSearch.xcdatamodeld */,
			);
			path = MovieSearch;
			sourceTree = "<group>";
		};
		E3FDA55D26E278BA002BE9D2 /* MovieSearchTests */ = {
			isa = PBXGroup;
			children = (
				E3FDA55E26E278BA002BE9D2 /* MovieSearchTests.swift */,
				E3FDA56026E278BA002BE9D2 /* Info.plist */,
			);
			path = MovieSearchTests;
			sourceTree = "<group>";
		};
		E3FDA56826E278BA002BE9D2 /* MovieSearchUITests */ = {
			isa = PBXGroup;
			children = (
				E3FDA56926E278BA002BE9D2 /* MovieSearchUITests.swift */,
				E3FDA56B26E278BA002BE9D2 /* Info.plist */,
			);
			path = MovieSearchUITests;
			sourceTree = "<group>";
		};
/* End PBXGroup section */

/* Begin PBXNativeTarget section */
		E3FDA54026E278B6002BE9D2 /* MovieSearch */ = {
			isa = PBXNativeTarget;
			buildConfigurationList = E3FDA56E26E278BA002BE9D2 /* Build configuration list for PBXNativeTarget "MovieSearch" */;
			buildPhases = (
				E3FDA53D26E278B6002BE9D2 /* Sources */,
				E3FDA53E26E278B6002BE9D2 /* Frameworks */,
				E3FDA53F26E278B6002BE9D2 /* Resources */,
			);
			buildRules = (
			);
			dependencies = (
			);
			name = MovieSearch;
			productName = MovieSearch;
			productReference = E3FDA54126E278B6002BE9D2 /* MovieSearch.app */;
			productType = "com.apple.product-type.application";
		};
		E3FDA55926E278BA002BE9D2 /* MovieSearchTests */ = {
			isa = PBXNativeTarget;
			buildConfigurationList = E3FDA57126E278BA002BE9D2 /* Build configuration list for PBXNativeTarget "MovieSearchTests" */;
			buildPhases = (
				E3FDA55626E278BA002BE9D2 /* Sources */,
				E3FDA55726E278BA002BE9D2 /* Frameworks */,
				E3FDA55826E278BA002BE9D2 /* Resources */,
			);
			buildRules = (
			);
			dependencies = (
				E3FDA55C26E278BA002BE9D2 /* PBXTargetDependency */,
			);
			name = MovieSearchTests;
			productName = MovieSearchTests;
			productReference = E3FDA55A26E278BA002BE9D2 /* MovieSearchTests.xctest */;
			productType = "com.apple.product-type.bundle.unit-test";
		};
		E3FDA56426E278BA002BE9D2 /* MovieSearchUITests */ = {
			isa = PBXNativeTarget;
			buildConfigurationList = E3FDA57426E278BA002BE9D2 /* Build configuration list for PBXNativeTarget "MovieSearchUITests" */;
			buildPhases = (
				E3FDA56126E278BA002BE9D2 /* Sources */,
				E3FDA56226E278BA002BE9D2 /* Frameworks */,
				E3FDA56326E278BA002BE9D2 /* Resources */,
			);
			buildRules = (
			);
			dependencies = (
				E3FDA56726E278BA002BE9D2 /* PBXTargetDependency */,
			);
			name = MovieSearchUITests;
			productName = MovieSearchUITests;
			productReference = E3FDA56526E278BA002BE9D2 /* MovieSearchUITests.xctest */;
			productType = "com.apple.product-type.bundle.ui-testing";
		};
/* End PBXNativeTarget section */

/* Begin PBXProject section */
		E3FDA53926E278B6002BE9D2 /* Project object */ = {
			isa = PBXProject;
			attributes = {
				LastSwiftUpdateCheck = 1250;
				LastUpgradeCheck = 1250;
				TargetAttributes = {
					E3FDA54026E278B6002BE9D2 = {
						CreatedOnToolsVersion = 12.5.1;
					};
					E3FDA55926E278BA002BE9D2 = {
						CreatedOnToolsVersion = 12.5.1;
						TestTargetID = E3FDA54026E278B6002BE9D2;
					};
					E3FDA56426E278BA002BE9D2 = {
						CreatedOnToolsVersion = 12.5.1;
						TestTargetID = E3FDA54026E278B6002BE9D2;
					};
				};
			};
			buildConfigurationList = E3FDA53C26E278B6002BE9D2 /* Build configuration list for PBXProject "MovieSearch" */;
			compatibilityVersion = "Xcode 9.3";
			developmentRegion = en;
			hasScannedForEncodings = 0;
			knownRegions = (
				en,
				Base,
			);
			mainGroup = E3FDA53826E278B6002BE9D2;
			productRefGroup = E3FDA54226E278B6002BE9D2 /* Products */;
			projectDirPath = "";
			projectRoot = "";
			targets = (
				E3FDA54026E278B6002BE9D2 /* MovieSearch */,
				E3FDA55926E278BA002BE9D2 /* MovieSearchTests */,
				E3FDA56426E278BA002BE9D2 /* MovieSearchUITests */,
			);
		};
/* End PBXProject section */

/* Begin PBXResourcesBuildPhase section */
		E3FDA53F26E278B6002BE9D2 /* Resources */ = {
			isa = PBXResourcesBuildPhase;
			buildActionMask = 2147483647;
			files = (
				E3FDA55426E278B9002BE9D2 /* LaunchScreen.storyboard in Resources */,
				E3FDA55126E278B9002BE9D2 /* Assets.xcassets in Resources */,
				E3FDA54C26E278B6002BE9D2 /* Main.storyboard in Resources */,
			);
			runOnlyForDeploymentPostprocessing = 0;
		};
		E3FDA55826E278BA002BE9D2 /* Resources */ = {
			isa = PBXResourcesBuildPhase;
			buildActionMask = 2147483647;
			files = (
			);
			runOnlyForDeploymentPostprocessing = 0;
		};
		E3FDA56326E278BA002BE9D2 /* Resources */ = {
			isa = PBXResourcesBuildPhase;
			buildActionMask = 2147483647;
			files = (
			);
			runOnlyForDeploymentPostprocessing = 0;
		};
/* End PBXResourcesBuildPhase section */

/* Begin PBXSourcesBuildPhase section */
		E3FDA53D26E278B6002BE9D2 /* Sources */ = {
			isa = PBXSourcesBuildPhase;
			buildActionMask = 2147483647;
			files = (
				E3FDA54926E278B6002BE9D2 /* ViewController.swift in Sources */,
				E3FDA54526E278B6002BE9D2 /* AppDelegate.swift in Sources */,
				E3FDA54F26E278B6002BE9D2 /* MovieSearch.xcdatamodeld in Sources */,
				E3FDA54726E278B6002BE9D2 /* SceneDelegate.swift in Sources */,
			);
			runOnlyForDeploymentPostprocessing = 0;
		};
		E3FDA55626E278BA002BE9D2 /* Sources */ = {
			isa = PBXSourcesBuildPhase;
			buildActionMask = 2147483647;
			files = (
				E3FDA55F26E278BA002BE9D2 /* MovieSearchTests.swift in Sources */,
			);
			runOnlyForDeploymentPostprocessing = 0;
		};
		E3FDA56126E278BA002BE9D2 /* Sources */ = {
			isa = PBXSourcesBuildPhase;
			buildActionMask = 2147483647;
			files = (
				E3FDA56A26E278BA002BE9D2 /* MovieSearchUITests.swift in Sources */,
			);
			runOnlyForDeploymentPostprocessing = 0;
		};
/* End PBXSourcesBuildPhase section */

/* Begin PBXTargetDependency section */
		E3FDA55C26E278BA002BE9D2 /* PBXTargetDependency */ = {
			isa = PBXTargetDependency;
			target = E3FDA54026E278B6002BE9D2 /* MovieSearch */;
			targetProxy = E3FDA55B26E278BA002BE9D2 /* PBXContainerItemProxy */;
		};
		E3FDA56726E278BA002BE9D2 /* PBXTargetDependency */ = {
			isa = PBXTargetDependency;
			target = E3FDA54026E278B6002BE9D2 /* MovieSearch */;
			targetProxy = E3FDA56626E278BA002BE9D2 /* PBXContainerItemProxy */;
		};
/* End PBXTargetDependency section */

/* Begin PBXVariantGroup section */
		E3FDA54A26E278B6002BE9D2 /* Main.storyboard */ = {
			isa = PBXVariantGroup;
			children = (
				E3FDA54B26E278B6002BE9D2 /* Base */,
			);
			name = Main.storyboard;
			sourceTree = "<group>";
		};
		E3FDA55226E278B9002BE9D2 /* LaunchScreen.storyboard */ = {
			isa = PBXVariantGroup;
			children = (
				E3FDA55326E278B9002BE9D2 /* Base */,
			);
			name = LaunchScreen.storyboard;
			sourceTree = "<group>";
		};
/* End PBXVariantGroup section */

/* Begin XCBuildConfiguration section */
		E3FDA56C26E278BA002BE9D2 /* Debug */ = {
			isa = XCBuildConfiguration;
			buildSettings = {
				ALWAYS_SEARCH_USER_PATHS = NO;
				CLANG_ANALYZER_NONNULL = YES;
				CLANG_ANALYZER_NUMBER_OBJECT_CONVERSION = YES_AGGRESSIVE;
				CLANG_CXX_LANGUAGE_STANDARD = "gnu++14";
				CLANG_CXX_LIBRARY = "libc++";
				CLANG_ENABLE_MODULES = YES;
				CLANG_ENABLE_OBJC_ARC = YES;
				CLANG_ENABLE_OBJC_WEAK = YES;
				CLANG_WARN_BLOCK_CAPTURE_AUTORELEASING = YES;
				CLANG_WARN_BOOL_CONVERSION = YES;
				CLANG_WARN_COMMA = YES;
				CLANG_WARN_CONSTANT_CONVERSION = YES;
				CLANG_WARN_DEPRECATED_OBJC_IMPLEMENTATIONS = YES;
				CLANG_WARN_DIRECT_OBJC_ISA_USAGE = YES_ERROR;
				CLANG_WARN_DOCUMENTATION_COMMENTS = YES;
				CLANG_WARN_EMPTY_BODY = YES;
				CLANG_WARN_ENUM_CONVERSION = YES;
				CLANG_WARN_INFINITE_RECURSION = YES;
				CLANG_WARN_INT_CONVERSION = YES;
				CLANG_WARN_NON_LITERAL_NULL_CONVERSION = YES;
				CLANG_WARN_OBJC_IMPLICIT_RETAIN_SELF = YES;
				CLANG_WARN_OBJC_LITERAL_CONVERSION = YES;
				CLANG_WARN_OBJC_ROOT_CLASS = YES_ERROR;
				CLANG_WARN_QUOTED_INCLUDE_IN_FRAMEWORK_HEADER = YES;
				CLANG_WARN_RANGE_LOOP_ANALYSIS = YES;
				CLANG_WARN_STRICT_PROTOTYPES = YES;
				CLANG_WARN_SUSPICIOUS_MOVE = YES;
				CLANG_WARN_UNGUARDED_AVAILABILITY = YES_AGGRESSIVE;
				CLANG_WARN_UNREACHABLE_CODE = YES;
				CLANG_WARN__DUPLICATE_METHOD_MATCH = YES;
				COPY_PHASE_STRIP = NO;
				DEBUG_INFORMATION_FORMAT = dwarf;
				ENABLE_STRICT_OBJC_MSGSEND = YES;
				ENABLE_TESTABILITY = YES;
				GCC_C_LANGUAGE_STANDARD = gnu11;
				GCC_DYNAMIC_NO_PIC = NO;
				GCC_NO_COMMON_BLOCKS = YES;
				GCC_OPTIMIZATION_LEVEL = 0;
				GCC_PREPROCESSOR_DEFINITIONS = (
					"DEBUG=1",
					"$(inherited)",
				);
				GCC_WARN_64_TO_32_BIT_CONVERSION = YES;
				GCC_WARN_ABOUT_RETURN_TYPE = YES_ERROR;
				GCC_WARN_UNDECLARED_SELECTOR = YES;
				GCC_WARN_UNINITIALIZED_AUTOS = YES_AGGRESSIVE;
				GCC_WARN_UNUSED_FUNCTION = YES;
				GCC_WARN_UNUSED_VARIABLE = YES;
				IPHONEOS_DEPLOYMENT_TARGET = 14.5;
				MTL_ENABLE_DEBUG_INFO = INCLUDE_SOURCE;
				MTL_FAST_MATH = YES;
				ONLY_ACTIVE_ARCH = YES;
				SDKROOT = iphoneos;
				SWIFT_ACTIVE_COMPILATION_CONDITIONS = DEBUG;
				SWIFT_OPTIMIZATION_LEVEL = "-Onone";
			};
			name = Debug;
		};
		E3FDA56D26E278BA002BE9D2 /* Release */ = {
			isa = XCBuildConfiguration;
			buildSettings = {
				ALWAYS_SEARCH_USER_PATHS = NO;
				CLANG_ANALYZER_NONNULL = YES;
				CLANG_ANALYZER_NUMBER_OBJECT_CONVERSION = YES_AGGRESSIVE;
				CLANG_CXX_LANGUAGE_STANDARD = "gnu++14";
				CLANG_CXX_LIBRARY = "libc++";
				CLANG_ENABLE_MODULES = YES;
				CLANG_ENABLE_OBJC_ARC = YES;
				CLANG_ENABLE_OBJC_WEAK = YES;
				CLANG_WARN_BLOCK_CAPTURE_AUTORELEASING = YES;
				CLANG_WARN_BOOL_CONVERSION = YES;
				CLANG_WARN_COMMA = YES;
				CLANG_WARN_CONSTANT_CONVERSION = YES;
				CLANG_WARN_DEPRECATED_OBJC_IMPLEMENTATIONS = YES;
				CLANG_WARN_DIRECT_OBJC_ISA_USAGE = YES_ERROR;
				CLANG_WARN_DOCUMENTATION_COMMENTS = YES;
				CLANG_WARN_EMPTY_BODY = YES;
				CLANG_WARN_ENUM_CONVERSION = YES;
				CLANG_WARN_INFINITE_RECURSION = YES;
				CLANG_WARN_INT_CONVERSION = YES;
				CLANG_WARN_NON_LITERAL_NULL_CONVERSION = YES;
				CLANG_WARN_OBJC_IMPLICIT_RETAIN_SELF = YES;
				CLANG_WARN_OBJC_LITERAL_CONVERSION = YES;
				CLANG_WARN_OBJC_ROOT_CLASS = YES_ERROR;
				CLANG_WARN_QUOTED_INCLUDE_IN_FRAMEWORK_HEADER = YES;
				CLANG_WARN_RANGE_LOOP_ANALYSIS = YES;
				CLANG_WARN_STRICT_PROTOTYPES = YES;
				CLANG_WARN_SUSPICIOUS_MOVE = YES;
				CLANG_WARN_UNGUARDED_AVAILABILITY = YES_AGGRESSIVE;
				CLANG_WARN_UNREACHABLE_CODE = YES;
				CLANG_WARN__DUPLICATE_METHOD_MATCH = YES;
				COPY_PHASE_STRIP = NO;
				DEBUG_INFORMATION_FORMAT = "dwarf-with-dsym";
				ENABLE_NS_ASSERTIONS = NO;
				ENABLE_STRICT_OBJC_MSGSEND = YES;
				GCC_C_LANGUAGE_STANDARD = gnu11;
				GCC_NO_COMMON_BLOCKS = YES;
				GCC_WARN_64_TO_32_BIT_CONVERSION = YES;
				GCC_WARN_ABOUT_RETURN_TYPE = YES_ERROR;
				GCC_WARN_UNDECLARED_SELECTOR = YES;
				GCC_WARN_UNINITIALIZED_AUTOS = YES_AGGRESSIVE;
				GCC_WARN_UNUSED_FUNCTION = YES;
				GCC_WARN_UNUSED_VARIABLE = YES;
				IPHONEOS_DEPLOYMENT_TARGET = 14.5;
				MTL_ENABLE_DEBUG_INFO = NO;
				MTL_FAST_MATH = YES;
				SDKROOT = iphoneos;
				SWIFT_COMPILATION_MODE = wholemodule;
				SWIFT_OPTIMIZATION_LEVEL = "-O";
				VALIDATE_PRODUCT = YES;
			};
			name = Release;
		};
		E3FDA56F26E278BA002BE9D2 /* Debug */ = {
			isa = XCBuildConfiguration;
			buildSettings = {
				ASSETCATALOG_COMPILER_APPICON_NAME = AppIcon;
				ASSETCATALOG_COMPILER_GLOBAL_ACCENT_COLOR_NAME = AccentColor;
				CODE_SIGN_STYLE = Automatic;
				DEVELOPMENT_TEAM = VJFUAMY9DL;
				INFOPLIST_FILE = MovieSearch/Info.plist;
				LD_RUNPATH_SEARCH_PATHS = (
					"$(inherited)",
					"@executable_path/Frameworks",
				);
				PRODUCT_BUNDLE_IDENTIFIER = com.saraha.MovieSearch;
				PRODUCT_NAME = "$(TARGET_NAME)";
				SWIFT_VERSION = 5.0;
				TARGETED_DEVICE_FAMILY = "1,2";
			};
			name = Debug;
		};
		E3FDA57026E278BA002BE9D2 /* Release */ = {
			isa = XCBuildConfiguration;
			buildSettings = {
				ASSETCATALOG_COMPILER_APPICON_NAME = AppIcon;
				ASSETCATALOG_COMPILER_GLOBAL_ACCENT_COLOR_NAME = AccentColor;
				CODE_SIGN_STYLE = Automatic;
				DEVELOPMENT_TEAM = VJFUAMY9DL;
				INFOPLIST_FILE = MovieSearch/Info.plist;
				LD_RUNPATH_SEARCH_PATHS = (
					"$(inherited)",
					"@executable_path/Frameworks",
				);
				PRODUCT_BUNDLE_IDENTIFIER = com.saraha.MovieSearch;
				PRODUCT_NAME = "$(TARGET_NAME)";
				SWIFT_VERSION = 5.0;
				TARGETED_DEVICE_FAMILY = "1,2";
			};
			name = Release;
		};
		E3FDA57226E278BA002BE9D2 /* Debug */ = {
			isa = XCBuildConfiguration;
			buildSettings = {
				ALWAYS_EMBED_SWIFT_STANDARD_LIBRARIES = YES;
				BUNDLE_LOADER = "$(TEST_HOST)";
				CODE_SIGN_STYLE = Automatic;
				DEVELOPMENT_TEAM = VJFUAMY9DL;
				INFOPLIST_FILE = MovieSearchTests/Info.plist;
				IPHONEOS_DEPLOYMENT_TARGET = 14.5;
				LD_RUNPATH_SEARCH_PATHS = (
					"$(inherited)",
					"@executable_path/Frameworks",
					"@loader_path/Frameworks",
				);
				PRODUCT_BUNDLE_IDENTIFIER = com.saraha.MovieSearchTests;
				PRODUCT_NAME = "$(TARGET_NAME)";
				SWIFT_VERSION = 5.0;
				TARGETED_DEVICE_FAMILY = "1,2";
				TEST_HOST = "$(BUILT_PRODUCTS_DIR)/MovieSearch.app/MovieSearch";
			};
			name = Debug;
		};
		E3FDA57326E278BA002BE9D2 /* Release */ = {
			isa = XCBuildConfiguration;
			buildSettings = {
				ALWAYS_EMBED_SWIFT_STANDARD_LIBRARIES = YES;
				BUNDLE_LOADER = "$(TEST_HOST)";
				CODE_SIGN_STYLE = Automatic;
				DEVELOPMENT_TEAM = VJFUAMY9DL;
				INFOPLIST_FILE = MovieSearchTests/Info.plist;
				IPHONEOS_DEPLOYMENT_TARGET = 14.5;
				LD_RUNPATH_SEARCH_PATHS = (
					"$(inherited)",
					"@executable_path/Frameworks",
					"@loader_path/Frameworks",
				);
				PRODUCT_BUNDLE_IDENTIFIER = com.saraha.MovieSearchTests;
				PRODUCT_NAME = "$(TARGET_NAME)";
				SWIFT_VERSION = 5.0;
				TARGETED_DEVICE_FAMILY = "1,2";
				TEST_HOST = "$(BUILT_PRODUCTS_DIR)/MovieSearch.app/MovieSearch";
			};
			name = Release;
		};
		E3FDA57526E278BA002BE9D2 /* Debug */ = {
			isa = XCBuildConfiguration;
			buildSettings = {
				ALWAYS_EMBED_SWIFT_STANDARD_LIBRARIES = YES;
				CODE_SIGN_STYLE = Automatic;
				DEVELOPMENT_TEAM = VJFUAMY9DL;
				INFOPLIST_FILE = MovieSearchUITests/Info.plist;
				LD_RUNPATH_SEARCH_PATHS = (
					"$(inherited)",
					"@executable_path/Frameworks",
					"@loader_path/Frameworks",
				);
				PRODUCT_BUNDLE_IDENTIFIER = com.saraha.MovieSearchUITests;
				PRODUCT_NAME = "$(TARGET_NAME)";
				SWIFT_VERSION = 5.0;
				TARGETED_DEVICE_FAMILY = "1,2";
				TEST_TARGET_NAME = MovieSearch;
			};
			name = Debug;
		};
		E3FDA57626E278BA002BE9D2 /* Release */ = {
			isa = XCBuildConfiguration;
			buildSettings = {
				ALWAYS_EMBED_SWIFT_STANDARD_LIBRARIES = YES;
				CODE_SIGN_STYLE = Automatic;
				DEVELOPMENT_TEAM = VJFUAMY9DL;
				INFOPLIST_FILE = MovieSearchUITests/Info.plist;
				LD_RUNPATH_SEARCH_PATHS = (
					"$(inherited)",
					"@executable_path/Frameworks",
					"@loader_path/Frameworks",
				);
				PRODUCT_BUNDLE_IDENTIFIER = com.saraha.MovieSearchUITests;
				PRODUCT_NAME = "$(TARGET_NAME)";
				SWIFT_VERSION = 5.0;
				TARGETED_DEVICE_FAMILY = "1,2";
				TEST_TARGET_NAME = MovieSearch;
			};
			name = Release;
		};
/* End XCBuildConfiguration section */

/* Begin XCConfigurationList section */
		E3FDA53C26E278B6002BE9D2 /* Build configuration list for PBXProject "MovieSearch" */ = {
			isa = XCConfigurationList;
			buildConfigurations = (
				E3FDA56C26E278BA002BE9D2 /* Debug */,
				E3FDA56D26E278BA002BE9D2 /* Release */,
			);
			defaultConfigurationIsVisible = 0;
			defaultConfigurationName = Release;
		};
		E3FDA56E26E278BA002BE9D2 /* Build configuration list for PBXNativeTarget "MovieSearch" */ = {
			isa = XCConfigurationList;
			buildConfigurations = (
				E3FDA56F26E278BA002BE9D2 /* Debug */,
				E3FDA57026E278BA002BE9D2 /* Release */,
			);
			defaultConfigurationIsVisible = 0;
			defaultConfigurationName = Release;
		};
		E3FDA57126E278BA002BE9D2 /* Build configuration list for PBXNativeTarget "MovieSearchTests" */ = {
			isa = XCConfigurationList;
			buildConfigurations = (
				E3FDA57226E278BA002BE9D2 /* Debug */,
				E3FDA57326E278BA002BE9D2 /* Release */,
			);
			defaultConfigurationIsVisible = 0;
			defaultConfigurationName = Release;
		};
		E3FDA57426E278BA002BE9D2 /* Build configuration list for PBXNativeTarget "MovieSearchUITests" */ = {
			isa = XCConfigurationList;
			buildConfigurations = (
				E3FDA57526E278BA002BE9D2 /* Debug */,
				E3FDA57626E278BA002BE9D2 /* Release */,
			);
			defaultConfigurationIsVisible = 0;
			defaultConfigurationName = Release;
		};
/* End XCConfigurationList section */

/* Begin XCVersionGroup section */
		E3FDA54D26E278B6002BE9D2 /* MovieSearch.xcdatamodeld */ = {
			isa = XCVersionGroup;
			children = (
				E3FDA54E26E278B6002BE9D2 /* MovieSearch.xcdatamodel */,
			);
			currentVersion = E3FDA54E26E278B6002BE9D2 /* MovieSearch.xcdatamodel */;
			path = MovieSearch.xcdatamodeld;
			sourceTree = "<group>";
			versionGroupType = wrapper.xcdatamodel;
		};
/* End XCVersionGroup section */
	};
	rootObject = E3FDA53926E278B6002BE9D2 /* Project object */;
}
